
Microsoft Visual Studio Solution File, Format Version 12.00
# Visual Studio 2013
VisualStudioVersion = 12.0.31101.0
MinimumVisualStudioVersion = 10.0.40219.1
Project("{FAE04EC0-301F-11D3-BF4B-00C04F79EFBC}") = "SocialGoal.Web", "SocialGoal\SocialGoal.Web.csproj", "{51E018C1-D2C2-499A-BDE9-B73E01E43FE6}"
EndProject
Project("{FAE04EC0-301F-11D3-BF4B-00C04F79EFBC}") = "SocialGoal.Core", "SocialGoal.Core\SocialGoal.Core.csproj", "{B1053A2D-A1EA-412F-BA95-19CE794F8891}"
EndProject
Project("{FAE04EC0-301F-11D3-BF4B-00C04F79EFBC}") = "SocialGoal.Data", "SocialGoal.Data\SocialGoal.Data.csproj", "{23B3D0D9-0F5C-4FD7-BA7E-A9E0C53A86C9}"
EndProject
Project("{FAE04EC0-301F-11D3-BF4B-00C04F79EFBC}") = "SocialGoal.Model", "SocialGoal.Model\SocialGoal.Model.csproj", "{4D4923F5-548C-4D13-859D-7F5E9699FACD}"
EndProject
Project("{FAE04EC0-301F-11D3-BF4B-00C04F79EFBC}") = "SocialGoal.Service", "SocialGoal.Service\SocialGoal.Service.csproj", "{BFBAB8EE-BE97-4467-837E-09F142F1BF44}"
EndProject
Project("{FAE04EC0-301F-11D3-BF4B-00C04F79EFBC}") = "SocialGoal.Web.Core", "SocialGoal.Web.Core\SocialGoal.Web.Core.csproj", "{AD4D8636-776D-4D8D-834F-0FDD132591F8}"
EndProject
Project("{FAE04EC0-301F-11D3-BF4B-00C04F79EFBC}") = "ProtocolsManage", "Src\ProtocolsManage\ProtocolsManage.csproj", "{807A0743-27E9-4DE6-9610-55FD105D55AE}"
EndProject
Project("{FAE04EC0-301F-11D3-BF4B-00C04F79EFBC}") = "SocialGoal.Web.API", "SocialGoal.Web.API\SocialGoal.Web.API.csproj", "{EFC22390-DCDB-413D-87C6-CE6DAE606E07}"
EndProject
Project("{FAE04EC0-301F-11D3-BF4B-00C04F79EFBC}") = "SocialGoal.Domain", "SocialGoal.Domain\SocialGoal.Domain.csproj", "{C666AA63-5920-417B-8172-19FE9C344DBC}"
EndProject
Project("{FAE04EC0-301F-11D3-BF4B-00C04F79EFBC}") = "SocialGoal.CommandProcessor", "SocialGoal.CommandProcessor\SocialGoal.CommandProcessor.csproj", "{7EFA3605-00C9-4C74-812A-A44CE97CC9B4}"
EndProject
Project("{FAE04EC0-301F-11D3-BF4B-00C04F79EFBC}") = "Web.Utilities", "..\..\..\数据解析2014\ToolLibrary\Web.Utilities\Web.Utilities\Web.Utilities.csproj", "{8E725D3E-DAD7-49C1-913B-78510829D504}"
EndProject
Project("{FAE04EC0-301F-11D3-BF4B-00C04F79EFBC}") = "ProtocolUtils", "..\..\..\数据解析2014\ProtocoLibrary\ProtocolUtils\ProtocolUtils.csproj", "{F1B1CAEB-0C77-4B69-ADEB-7806F6F6AFED}"
EndProject
Global
	GlobalSection(SolutionConfigurationPlatforms) = preSolution
		Debug|Any CPU = Debug|Any CPU
		Release|Any CPU = Release|Any CPU
	EndGlobalSection
	GlobalSection(ProjectConfigurationPlatforms) = postSolution
		{51E018C1-D2C2-499A-BDE9-B73E01E43FE6}.Debug|Any CPU.ActiveCfg = Debug|Any CPU
		{51E018C1-D2C2-499A-BDE9-B73E01E43FE6}.Debug|Any CPU.Build.0 = Debug|Any CPU
		{51E018C1-D2C2-499A-BDE9-B73E01E43FE6}.Release|Any CPU.ActiveCfg = Release|Any CPU
		{51E018C1-D2C2-499A-BDE9-B73E01E43FE6}.Release|Any CPU.Build.0 = Release|Any CPU
		{B1053A2D-A1EA-412F-BA95-19CE794F8891}.Debug|Any CPU.ActiveCfg = Debug|Any CPU
		{B1053A2D-A1EA-412F-BA95-19CE794F8891}.Debug|Any CPU.Build.0 = Debug|Any CPU
		{B1053A2D-A1EA-412F-BA95-19CE794F8891}.Release|Any CPU.ActiveCfg = Release|Any CPU
		{B1053A2D-A1EA-412F-BA95-19CE794F8891}.Release|Any CPU.Build.0 = Release|Any CPU
		{23B3D0D9-0F5C-4FD7-BA7E-A9E0C53A86C9}.Debug|Any CPU.ActiveCfg = Debug|Any CPU
		{23B3D0D9-0F5C-4FD7-BA7E-A9E0C53A86C9}.Debug|Any CPU.Build.0 = Debug|Any CPU
		{23B3D0D9-0F5C-4FD7-BA7E-A9E0C53A86C9}.Release|Any CPU.ActiveCfg = Release|Any CPU
		{23B3D0D9-0F5C-4FD7-BA7E-A9E0C53A86C9}.Release|Any CPU.Build.0 = Release|Any CPU
		{4D4923F5-548C-4D13-859D-7F5E9699FACD}.Debug|Any CPU.ActiveCfg = Debug|Any CPU
		{4D4923F5-548C-4D13-859D-7F5E9699FACD}.Debug|Any CPU.Build.0 = Debug|Any CPU
		{4D4923F5-548C-4D13-859D-7F5E9699FACD}.Release|Any CPU.ActiveCfg = Release|Any CPU
		{4D4923F5-548C-4D13-859D-7F5E9699FACD}.Release|Any CPU.Build.0 = Release|Any CPU
		{BFBAB8EE-BE97-4467-837E-09F142F1BF44}.Debug|Any CPU.ActiveCfg = Debug|Any CPU
		{BFBAB8EE-BE97-4467-837E-09F142F1BF44}.Debug|Any CPU.Build.0 = Debug|Any CPU
		{BFBAB8EE-BE97-4467-837E-09F142F1BF44}.Release|Any CPU.ActiveCfg = Release|Any CPU
		{BFBAB8EE-BE97-4467-837E-09F142F1BF44}.Release|Any CPU.Build.0 = Release|Any CPU
		{AD4D8636-776D-4D8D-834F-0FDD132591F8}.Debug|Any CPU.ActiveCfg = Debug|Any CPU
		{AD4D8636-776D-4D8D-834F-0FDD132591F8}.Debug|Any CPU.Build.0 = Debug|Any CPU
		{AD4D8636-776D-4D8D-834F-0FDD132591F8}.Release|Any CPU.ActiveCfg = Release|Any CPU
		{AD4D8636-776D-4D8D-834F-0FDD132591F8}.Release|Any CPU.Build.0 = Release|Any CPU
		{807A0743-27E9-4DE6-9610-55FD105D55AE}.Debug|Any CPU.ActiveCfg = Debug|Any CPU
		{807A0743-27E9-4DE6-9610-55FD105D55AE}.Debug|Any CPU.Build.0 = Debug|Any CPU
		{807A0743-27E9-4DE6-9610-55FD105D55AE}.Release|Any CPU.ActiveCfg = Release|Any CPU
		{807A0743-27E9-4DE6-9610-55FD105D55AE}.Release|Any CPU.Build.0 = Release|Any CPU
		{EFC22390-DCDB-413D-87C6-CE6DAE606E07}.Debug|Any CPU.ActiveCfg = Debug|Any CPU
		{EFC22390-DCDB-413D-87C6-CE6DAE606E07}.Debug|Any CPU.Build.0 = Debug|Any CPU
		{EFC22390-DCDB-413D-87C6-CE6DAE606E07}.Release|Any CPU.ActiveCfg = Release|Any CPU
		{EFC22390-DCDB-413D-87C6-CE6DAE606E07}.Release|Any CPU.Build.0 = Release|Any CPU
		{C666AA63-5920-417B-8172-19FE9C344DBC}.Debug|Any CPU.ActiveCfg = Debug|Any CPU
		{C666AA63-5920-417B-8172-19FE9C344DBC}.Debug|Any CPU.Build.0 = Debug|Any CPU
		{C666AA63-5920-417B-8172-19FE9C344DBC}.Release|Any CPU.ActiveCfg = Release|Any CPU
		{C666AA63-5920-417B-8172-19FE9C344DBC}.Release|Any CPU.Build.0 = Release|Any CPU
		{7EFA3605-00C9-4C74-812A-A44CE97CC9B4}.Debug|Any CPU.ActiveCfg = Debug|Any CPU
		{7EFA3605-00C9-4C74-812A-A44CE97CC9B4}.Debug|Any CPU.Build.0 = Debug|Any CPU
		{7EFA3605-00C9-4C74-812A-A44CE97CC9B4}.Release|Any CPU.ActiveCfg = Release|Any CPU
		{7EFA3605-00C9-4C74-812A-A44CE97CC9B4}.Release|Any CPU.Build.0 = Release|Any CPU
		{8E725D3E-DAD7-49C1-913B-78510829D504}.Debug|Any CPU.ActiveCfg = Debug|Any CPU
		{8E725D3E-DAD7-49C1-913B-78510829D504}.Debug|Any CPU.Build.0 = Debug|Any CPU
		{8E725D3E-DAD7-49C1-913B-78510829D504}.Release|Any CPU.ActiveCfg = Release|Any CPU
		{8E725D3E-DAD7-49C1-913B-78510829D504}.Release|Any CPU.Build.0 = Release|Any CPU
		{F1B1CAEB-0C77-4B69-ADEB-7806F6F6AFED}.Debug|Any CPU.ActiveCfg = Debug|Any CPU
		{F1B1CAEB-0C77-4B69-ADEB-7806F6F6AFED}.Debug|Any CPU.Build.0 = Debug|Any CPU
		{F1B1CAEB-0C77-4B69-ADEB-7806F6F6AFED}.Release|Any CPU.ActiveCfg = Release|Any CPU
		{F1B1CAEB-0C77-4B69-ADEB-7806F6F6AFED}.Release|Any CPU.Build.0 = Release|Any CPU
	EndGlobalSection
	GlobalSection(SolutionProperties) = preSolution
		HideSolutionNode = FALSE
	EndGlobalSection
EndGlobal
